
Microsoft Visual Studio Solution File, Format Version 12.00
# Visual Studio Version 16
VisualStudioVersion = 16.0.28803.352
MinimumVisualStudioVersion = 10.0.40219.1
Project("{FAE04EC0-301F-11D3-BF4B-00C04F79EFBC}") = "Thesis", "Thesis.csproj", "{344B0FF3-781C-45CD-85BB-8523C528163B}"
EndProject
Global
	GlobalSection(SolutionConfigurationPlatforms) = preSolution
		Debug|Any CPU = Debug|Any CPU
		Release|Any CPU = Release|Any CPU
	EndGlobalSection
	GlobalSection(ProjectConfigurationPlatforms) = postSolution
		{344B0FF3-781C-45CD-85BB-8523C528163B}.Debug|Any CPU.ActiveCfg = Debug|Any CPU
		{344B0FF3-781C-45CD-85BB-8523C528163B}.Debug|Any CPU.Build.0 = Debug|Any CPU
		{344B0FF3-781C-45CD-85BB-8523C528163B}.Release|Any CPU.ActiveCfg = Release|Any CPU
		{344B0FF3-781C-45CD-85BB-8523C528163B}.Release|Any CPU.Build.0 = Release|Any CPU
	EndGlobalSection
	GlobalSection(SolutionProperties) = preSolution
		HideSolutionNode = FALSE
	EndGlobalSection
	GlobalSection(ExtensibilityGlobals) = postSolution
		SolutionGuid = {60D336D6-BF0F-4803-857B-B504D46D1758}
	EndGlobalSection
EndGlobal
